
Microsoft Visual Studio Solution File, Format Version 12.00
# Visual Studio Version 16
VisualStudioVersion = 16.0.29509.3
MinimumVisualStudioVersion = 10.0.40219.1
Project("{FAE04EC0-301F-11D3-BF4B-00C04F79EFBC}") = "Client", "Client\Client.csproj", "{9645C965-19DE-4B7C-9A51-9BF1C22311CD}"
EndProject
Project("{FAE04EC0-301F-11D3-BF4B-00C04F79EFBC}") = "Server", "Server\Server.csproj", "{02952394-50C2-42E4-BA74-652CB4B1F35C}"
EndProject
Project("{FAE04EC0-301F-11D3-BF4B-00C04F79EFBC}") = "SquareGameObjects", "SquareGameObjects\SquareGameObjects.csproj", "{A1C4530B-100F-44FF-827B-788EB360220E}"
EndProject
Global
	GlobalSection(SolutionConfigurationPlatforms) = preSolution
		Debug|Any CPU = Debug|Any CPU
		Release|Any CPU = Release|Any CPU
	EndGlobalSection
	GlobalSection(ProjectConfigurationPlatforms) = postSolution
		{9645C965-19DE-4B7C-9A51-9BF1C22311CD}.Debug|Any CPU.ActiveCfg = Debug|Any CPU
		{9645C965-19DE-4B7C-9A51-9BF1C22311CD}.Debug|Any CPU.Build.0 = Debug|Any CPU
		{9645C965-19DE-4B7C-9A51-9BF1C22311CD}.Release|Any CPU.ActiveCfg = Release|Any CPU
		{9645C965-19DE-4B7C-9A51-9BF1C22311CD}.Release|Any CPU.Build.0 = Release|Any CPU
		{02952394-50C2-42E4-BA74-652CB4B1F35C}.Debug|Any CPU.ActiveCfg = Debug|Any CPU
		{02952394-50C2-42E4-BA74-652CB4B1F35C}.Debug|Any CPU.Build.0 = Debug|Any CPU
		{02952394-50C2-42E4-BA74-652CB4B1F35C}.Release|Any CPU.ActiveCfg = Release|Any CPU
		{02952394-50C2-42E4-BA74-652CB4B1F35C}.Release|Any CPU.Build.0 = Release|Any CPU
		{A1C4530B-100F-44FF-827B-788EB360220E}.Debug|Any CPU.ActiveCfg = Debug|Any CPU
		{A1C4530B-100F-44FF-827B-788EB360220E}.Debug|Any CPU.Build.0 = Debug|Any CPU
		{A1C4530B-100F-44FF-827B-788EB360220E}.Release|Any CPU.ActiveCfg = Release|Any CPU
		{A1C4530B-100F-44FF-827B-788EB360220E}.Release|Any CPU.Build.0 = Release|Any CPU
	EndGlobalSection
	GlobalSection(SolutionProperties) = preSolution
		HideSolutionNode = FALSE
	EndGlobalSection
	GlobalSection(ExtensibilityGlobals) = postSolution
		SolutionGuid = {AF1DE2E6-9437-4693-BBCE-856914846B7E}
	EndGlobalSection
EndGlobal
